// !$*UTF8*$!
{
	archiveVersion = 1;
	classes = {
	};
	objectVersion = 46;
	objects = {

/* Begin PBXFileReference section */
		2F12B4951CD3F146008432E2 /* output */ = {isa = PBXFileReference; lastKnownFileType = folder; path = output; sourceTree = "<group>"; };
		2FFF83BB1CCDDC0B008C2D43 /* bin */ = {isa = PBXFileReference; lastKnownFileType = folder; path = bin; sourceTree = "<group>"; };
		2FFF83BC1CCDDC0B008C2D43 /* input */ = {isa = PBXFileReference; lastKnownFileType = folder; path = input; sourceTree = "<group>"; };
		2FFF83BD1CCDDC0B008C2D43 /* LICENSE */ = {isa = PBXFileReference; fileEncoding = 4; lastKnownFileType = text; path = LICENSE; sourceTree = "<group>"; };
		2FFF83BE1CCDDC0B008C2D43 /* links */ = {isa = PBXFileReference; fileEncoding = 4; lastKnownFileType = text; path = links; sourceTree = "<group>"; };
		2FFF83BF1CCDDC0B008C2D43 /* Makefile */ = {isa = PBXFileReference; fileEncoding = 4; lastKnownFileType = sourcecode.make; path = Makefile; sourceTree = "<group>"; };
		2FFF83C01CCDDC0B008C2D43 /* obj */ = {isa = PBXFileReference; lastKnownFileType = folder; path = obj; sourceTree = "<group>"; };
		2FFF83C11CCDDC0B008C2D43 /* src */ = {isa = PBXFileReference; lastKnownFileType = folder; path = src; sourceTree = "<group>"; };
/* End PBXFileReference section */

/* Begin PBXGroup section */
		2F3BEFAC1CCD84FA00273CF5 = {
			isa = PBXGroup;
			children = (
				2F12B4951CD3F146008432E2 /* output */,
				2FFF83BB1CCDDC0B008C2D43 /* bin */,
				2FFF83BC1CCDDC0B008C2D43 /* input */,
				2FFF83BD1CCDDC0B008C2D43 /* LICENSE */,
				2FFF83BE1CCDDC0B008C2D43 /* links */,
				2FFF83BF1CCDDC0B008C2D43 /* Makefile */,
				2FFF83C01CCDDC0B008C2D43 /* obj */,
				2FFF83C11CCDDC0B008C2D43 /* src */,
			);
			sourceTree = "<group>";
		};
/* End PBXGroup section */

/* Begin PBXLegacyTarget section */
		2F3BEFB11CCD84FA00273CF5 /* CompiladorLFC */ = {
			isa = PBXLegacyTarget;
			buildArgumentsString = "$(ACTION)";
			buildConfigurationList = 2F3BEFB41CCD84FA00273CF5 /* Build configuration list for PBXLegacyTarget "CompiladorLFC" */;
			buildPhases = (
			);
			buildToolPath = /usr/bin/make;
			buildWorkingDirectory = /Users/victorhaine/Development/C/FIAP/CompiladorLFC;
			dependencies = (
			);
			name = CompiladorLFC;
			passBuildSettingsInEnvironment = 1;
			productName = CompiladorLFC;
		};
/* End PBXLegacyTarget section */

/* Begin PBXProject section */
		2F3BEFAD1CCD84FA00273CF5 /* Project object */ = {
			isa = PBXProject;
			attributes = {
				LastUpgradeCheck = 0730;
				ORGANIZATIONNAME = "Victor Haine Takahashi";
				TargetAttributes = {
					2F3BEFB11CCD84FA00273CF5 = {
						CreatedOnToolsVersion = 7.3;
					};
				};
			};
			buildConfigurationList = 2F3BEFB01CCD84FA00273CF5 /* Build configuration list for PBXProject "CompiladorLFC" */;
			compatibilityVersion = "Xcode 3.2";
			developmentRegion = English;
			hasScannedForEncodings = 0;
			knownRegions = (
				en,
			);
			mainGroup = 2F3BEFAC1CCD84FA00273CF5;
			projectDirPath = "";
			projectRoot = "";
			targets = (
				2F3BEFB11CCD84FA00273CF5 /* CompiladorLFC */,
			);
		};
/* End PBXProject section */

/* Begin XCBuildConfiguration section */
		2F3BEFB21CCD84FA00273CF5 /* Debug */ = {
			isa = XCBuildConfiguration;
			buildSettings = {
				ALWAYS_SEARCH_USER_PATHS = NO;
				CLANG_ANALYZER_NONNULL = YES;
				CLANG_CXX_LANGUAGE_STANDARD = "gnu++0x";
				CLANG_CXX_LIBRARY = "libc++";
				CLANG_ENABLE_MODULES = YES;
				CLANG_ENABLE_OBJC_ARC = YES;
				CLANG_WARN_BOOL_CONVERSION = YES;
				CLANG_WARN_CONSTANT_CONVERSION = YES;
				CLANG_WARN_DIRECT_OBJC_ISA_USAGE = YES_ERROR;
				CLANG_WARN_EMPTY_BODY = YES;
				CLANG_WARN_ENUM_CONVERSION = YES;
				CLANG_WARN_INT_CONVERSION = YES;
				CLANG_WARN_OBJC_ROOT_CLASS = YES_ERROR;
				CLANG_WARN_UNREACHABLE_CODE = YES;
				CLANG_WARN__DUPLICATE_METHOD_MATCH = YES;
				COPY_PHASE_STRIP = NO;
				DEBUG_INFORMATION_FORMAT = dwarf;
				ENABLE_STRICT_OBJC_MSGSEND = YES;
				ENABLE_TESTABILITY = YES;
				GCC_C_LANGUAGE_STANDARD = gnu99;
				GCC_DYNAMIC_NO_PIC = NO;
				GCC_NO_COMMON_BLOCKS = YES;
				GCC_OPTIMIZATION_LEVEL = 0;
				GCC_PREPROCESSOR_DEFINITIONS = (
					"DEBUG=1",
					"$(inherited)",
				);
				GCC_WARN_64_TO_32_BIT_CONVERSION = YES;
				GCC_WARN_ABOUT_RETURN_TYPE = YES_ERROR;
				GCC_WARN_UNDECLARED_SELECTOR = YES;
				GCC_WARN_UNINITIALIZED_AUTOS = YES_AGGRESSIVE;
				GCC_WARN_UNUSED_FUNCTION = YES;
				GCC_WARN_UNUSED_VARIABLE = YES;
				MTL_ENABLE_DEBUG_INFO = YES;
				ONLY_ACTIVE_ARCH = YES;
			};
			name = Debug;
		};
		2F3BEFB31CCD84FA00273CF5 /* Release */ = {
			isa = XCBuildConfiguration;
			buildSettings = {
				ALWAYS_SEARCH_USER_PATHS = NO;
				CLANG_ANALYZER_NONNULL = YES;
				CLANG_CXX_LANGUAGE_STANDARD = "gnu++0x";
				CLANG_CXX_LIBRARY = "libc++";
				CLANG_ENABLE_MODULES = YES;
				CLANG_ENABLE_OBJC_ARC = YES;
				CLANG_WARN_BOOL_CONVERSION = YES;
				CLANG_WARN_CONSTANT_CONVERSION = YES;
				CLANG_WARN_DIRECT_OBJC_ISA_USAGE = YES_ERROR;
				CLANG_WARN_EMPTY_BODY = YES;
				CLANG_WARN_ENUM_CONVERSION = YES;
				CLANG_WARN_INT_CONVERSION = YES;
				CLANG_WARN_OBJC_ROOT_CLASS = YES_ERROR;
				CLANG_WARN_UNREACHABLE_CODE = YES;
				CLANG_WARN__DUPLICATE_METHOD_MATCH = YES;
				COPY_PHASE_STRIP = NO;
				DEBUG_INFORMATION_FORMAT = "dwarf-with-dsym";
				ENABLE_NS_ASSERTIONS = NO;
				ENABLE_STRICT_OBJC_MSGSEND = YES;
				GCC_C_LANGUAGE_STANDARD = gnu99;
				GCC_NO_COMMON_BLOCKS = YES;
				GCC_WARN_64_TO_32_BIT_CONVERSION = YES;
				GCC_WARN_ABOUT_RETURN_TYPE = YES_ERROR;
				GCC_WARN_UNDECLARED_SELECTOR = YES;
				GCC_WARN_UNINITIALIZED_AUTOS = YES_AGGRESSIVE;
				GCC_WARN_UNUSED_FUNCTION = YES;
				GCC_WARN_UNUSED_VARIABLE = YES;
				MTL_ENABLE_DEBUG_INFO = NO;
			};
			name = Release;
		};
		2F3BEFB51CCD84FA00273CF5 /* Debug */ = {
			isa = XCBuildConfiguration;
			buildSettings = {
				DEBUGGING_SYMBOLS = YES;
				DEBUG_INFORMATION_FORMAT = dwarf;
				GCC_GENERATE_DEBUGGING_SYMBOLS = YES;
				GCC_OPTIMIZATION_LEVEL = 0;
				OTHER_CFLAGS = "";
				OTHER_LDFLAGS = "";
				PRODUCT_NAME = "$(TARGET_NAME)";
			};
			name = Debug;
		};
		2F3BEFB61CCD84FA00273CF5 /* Release */ = {
			isa = XCBuildConfiguration;
			buildSettings = {
				DEBUG_INFORMATION_FORMAT = "dwarf-with-dsym";
				OTHER_CFLAGS = "";
				OTHER_LDFLAGS = "";
				PRODUCT_NAME = "$(TARGET_NAME)";
			};
			name = Release;
		};
/* End XCBuildConfiguration section */

/* Begin XCConfigurationList section */
		2F3BEFB01CCD84FA00273CF5 /* Build configuration list for PBXProject "CompiladorLFC" */ = {
			isa = XCConfigurationList;
			buildConfigurations = (
				2F3BEFB21CCD84FA00273CF5 /* Debug */,
				2F3BEFB31CCD84FA00273CF5 /* Release */,
			);
			defaultConfigurationIsVisible = 0;
			defaultConfigurationName = Release;
		};
		2F3BEFB41CCD84FA00273CF5 /* Build configuration list for PBXLegacyTarget "CompiladorLFC" */ = {
			isa = XCConfigurationList;
			buildConfigurations = (
				2F3BEFB51CCD84FA00273CF5 /* Debug */,
				2F3BEFB61CCD84FA00273CF5 /* Release */,
			);
			defaultConfigurationIsVisible = 0;
			defaultConfigurationName = Release;
		};
/* End XCConfigurationList section */
	};
	rootObject = 2F3BEFAD1CCD84FA00273CF5 /* Project object */;
}
